
Microsoft Visual Studio Solution File, Format Version 12.00
# Visual Studio Version 17
Project("{2150E333-8FDC-42A3-9474-1A3956D46DE8}") = "CMakePredefinedTargets", "CMakePredefinedTargets", "{8BD9C864-65C9-3526-AA69-89004AB07C76}"
EndProject
Project("{2150E333-8FDC-42A3-9474-1A3956D46DE8}") = "GLFW3", "GLFW3", "{3485A3F8-414D-37F9-A134-71C39A654DAB}"
EndProject
Project("{2150E333-8FDC-42A3-9474-1A3956D46DE8}") = "Examples", "GLFW3\Examples", "{79953E5F-53B7-376E-AE57-9A12A8DD7A57}"
EndProject
Project("{2150E333-8FDC-42A3-9474-1A3956D46DE8}") = "Tests", "GLFW3\Tests", "{38791419-E646-39E4-AA65-0FCC95842352}"
EndProject
Project("{8BC9CEB8-8B4A-11D0-8D11-00A0C91BC942}") = "ALL_BUILD", "ALL_BUILD.vcxproj", "{FDBE97AE-4372-3E9E-A26F-F9C83D23D2CB}"
	ProjectSection(ProjectDependencies) = postProject
		{AD090395-24EF-3627-B38C-F8148927488A} = {AD090395-24EF-3627-B38C-F8148927488A}
		{5AF67D52-3C30-3DD5-8F36-94CEE1A6233B} = {5AF67D52-3C30-3DD5-8F36-94CEE1A6233B}
		{C5DBB39A-759C-348C-AFE4-D911585AE00F} = {C5DBB39A-759C-348C-AFE4-D911585AE00F}
		{FBDD0483-D79B-30D9-B6A3-071732D46D7B} = {FBDD0483-D79B-30D9-B6A3-071732D46D7B}
		{A7B30A98-0932-362D-931C-0F4763DA6470} = {A7B30A98-0932-362D-931C-0F4763DA6470}
		{D83138E4-3F17-3239-A87C-1EF71993110D} = {D83138E4-3F17-3239-A87C-1EF71993110D}
		{69D518D9-5579-34BC-A921-E46AB19A9D6C} = {69D518D9-5579-34BC-A921-E46AB19A9D6C}
		{EC7D051D-A5C1-314C-99B0-78DAFA8FB4F9} = {EC7D051D-A5C1-314C-99B0-78DAFA8FB4F9}
		{47AA9777-FDBF-38D1-8938-54A6876AC101} = {47AA9777-FDBF-38D1-8938-54A6876AC101}
		{BFFD5A06-49E6-399B-92A3-0AFC34068B5A} = {BFFD5A06-49E6-399B-92A3-0AFC34068B5A}
		{7D94CCEB-165D-392C-893E-4FFEE0E1C710} = {7D94CCEB-165D-392C-893E-4FFEE0E1C710}
		{365ABBA9-A6EA-3AAF-B59F-30693B8E773E} = {365ABBA9-A6EA-3AAF-B59F-30693B8E773E}
		{001E660E-C329-38C0-9971-C13AA4524085} = {001E660E-C329-38C0-9971-C13AA4524085}
		{9E36DB15-AE2A-38B1-9FC9-2F87A7F2B590} = {9E36DB15-AE2A-38B1-9FC9-2F87A7F2B590}
		{DF2FE795-A27D-3807-9C7B-18ED0E668DEA} = {DF2FE795-A27D-3807-9C7B-18ED0E668DEA}
		{4FAADA71-8AC9-32B6-A6F1-C809EC62A8EB} = {4FAADA71-8AC9-32B6-A6F1-C809EC62A8EB}
		{252F8C0C-C45D-3F70-B61E-6A9BFA357173} = {252F8C0C-C45D-3F70-B61E-6A9BFA357173}
		{ADCE3FB0-0D61-301D-BB8A-5D310AC957A3} = {ADCE3FB0-0D61-301D-BB8A-5D310AC957A3}
		{E8A02E78-29A1-3A32-92F0-BBADA7BD5166} = {E8A02E78-29A1-3A32-92F0-BBADA7BD5166}
		{0CE8BC3F-0E85-34F0-BAB2-0B9AB14F8671} = {0CE8BC3F-0E85-34F0-BAB2-0B9AB14F8671}
		{773CAA61-948D-3E09-BC17-B9F6B8DEB8F5} = {773CAA61-948D-3E09-BC17-B9F6B8DEB8F5}
		{24CC3AAB-326B-300D-86B5-47114084B19F} = {24CC3AAB-326B-300D-86B5-47114084B19F}
		{FA06B4DA-C492-31E0-83FE-9F515B1986D2} = {FA06B4DA-C492-31E0-83FE-9F515B1986D2}
		{738E8B12-9424-3F7A-8BAA-935DE64C440E} = {738E8B12-9424-3F7A-8BAA-935DE64C440E}
		{65BBE8FC-9526-3462-A861-89D3E4E99DDC} = {65BBE8FC-9526-3462-A861-89D3E4E99DDC}
		{4436AFF2-D861-3C5A-9EE7-35A646878DC9} = {4436AFF2-D861-3C5A-9EE7-35A646878DC9}
		{61DB5C85-41A8-3EB0-9D59-F713E8A091CA} = {61DB5C85-41A8-3EB0-9D59-F713E8A091CA}
		{5E4EA460-9D70-3C44-AA2C-A36CB7E40B29} = {5E4EA460-9D70-3C44-AA2C-A36CB7E40B29}
		{F836514F-C7D2-3E52-B5CD-2D623A950AC8} = {F836514F-C7D2-3E52-B5CD-2D623A950AC8}
		{67608D47-1CD4-3EE6-A6FE-61F6FE0C1E01} = {67608D47-1CD4-3EE6-A6FE-61F6FE0C1E01}
		{F82720AF-D55D-3046-BC8D-B2915CEA80FC} = {F82720AF-D55D-3046-BC8D-B2915CEA80FC}
	EndProjectSection
EndProject
Project("{8BC9CEB8-8B4A-11D0-8D11-00A0C91BC942}") = "INSTALL", "INSTALL.vcxproj", "{5ECB5F64-0A38-323B-BD98-F23E41DA39CD}"
	ProjectSection(ProjectDependencies) = postProject
		{FDBE97AE-4372-3E9E-A26F-F9C83D23D2CB} = {FDBE97AE-4372-3E9E-A26F-F9C83D23D2CB}
		{AD090395-24EF-3627-B38C-F8148927488A} = {AD090395-24EF-3627-B38C-F8148927488A}
	EndProjectSection
EndProject
Project("{8BC9CEB8-8B4A-11D0-8D11-00A0C91BC942}") = "ZERO_CHECK", "ZERO_CHECK.vcxproj", "{AD090395-24EF-3627-B38C-F8148927488A}"
	ProjectSection(ProjectDependencies) = postProject
	EndProjectSection
EndProject
Project("{8BC9CEB8-8B4A-11D0-8D11-00A0C91BC942}") = "boing", "examples\boing.vcxproj", "{5AF67D52-3C30-3DD5-8F36-94CEE1A6233B}"
	ProjectSection(ProjectDependencies) = postProject
		{AD090395-24EF-3627-B38C-F8148927488A} = {AD090395-24EF-3627-B38C-F8148927488A}
		{47AA9777-FDBF-38D1-8938-54A6876AC101} = {47AA9777-FDBF-38D1-8938-54A6876AC101}
	EndProjectSection
EndProject
Project("{8BC9CEB8-8B4A-11D0-8D11-00A0C91BC942}") = "clipboard", "tests\clipboard.vcxproj", "{C5DBB39A-759C-348C-AFE4-D911585AE00F}"
	ProjectSection(ProjectDependencies) = postProject
		{AD090395-24EF-3627-B38C-F8148927488A} = {AD090395-24EF-3627-B38C-F8148927488A}
		{47AA9777-FDBF-38D1-8938-54A6876AC101} = {47AA9777-FDBF-38D1-8938-54A6876AC101}
	EndProjectSection
EndProject
Project("{8BC9CEB8-8B4A-11D0-8D11-00A0C91BC942}") = "cursor", "tests\cursor.vcxproj", "{FBDD0483-D79B-30D9-B6A3-071732D46D7B}"
	ProjectSection(ProjectDependencies) = postProject
		{AD090395-24EF-3627-B38C-F8148927488A} = {AD090395-24EF-3627-B38C-F8148927488A}
		{47AA9777-FDBF-38D1-8938-54A6876AC101} = {47AA9777-FDBF-38D1-8938-54A6876AC101}
	EndProjectSection
EndProject
Project("{8BC9CEB8-8B4A-11D0-8D11-00A0C91BC942}") = "empty", "tests\empty.vcxproj", "{A7B30A98-0932-362D-931C-0F4763DA6470}"
	ProjectSection(ProjectDependencies) = postProject
		{AD090395-24EF-3627-B38C-F8148927488A} = {AD090395-24EF-3627-B38C-F8148927488A}
		{47AA9777-FDBF-38D1-8938-54A6876AC101} = {47AA9777-FDBF-38D1-8938-54A6876AC101}
	EndProjectSection
EndProject
Project("{8BC9CEB8-8B4A-11D0-8D11-00A0C91BC942}") = "events", "tests\events.vcxproj", "{D83138E4-3F17-3239-A87C-1EF71993110D}"
	ProjectSection(ProjectDependencies) = postProject
		{AD090395-24EF-3627-B38C-F8148927488A} = {AD090395-24EF-3627-B38C-F8148927488A}
		{47AA9777-FDBF-38D1-8938-54A6876AC101} = {47AA9777-FDBF-38D1-8938-54A6876AC101}
	EndProjectSection
EndProject
Project("{8BC9CEB8-8B4A-11D0-8D11-00A0C91BC942}") = "gamma", "tests\gamma.vcxproj", "{69D518D9-5579-34BC-A921-E46AB19A9D6C}"
	ProjectSection(ProjectDependencies) = postProject
		{AD090395-24EF-3627-B38C-F8148927488A} = {AD090395-24EF-3627-B38C-F8148927488A}
		{47AA9777-FDBF-38D1-8938-54A6876AC101} = {47AA9777-FDBF-38D1-8938-54A6876AC101}
	EndProjectSection
EndProject
Project("{8BC9CEB8-8B4A-11D0-8D11-00A0C91BC942}") = "gears", "examples\gears.vcxproj", "{EC7D051D-A5C1-314C-99B0-78DAFA8FB4F9}"
	ProjectSection(ProjectDependencies) = postProject
		{AD090395-24EF-3627-B38C-F8148927488A} = {AD090395-24EF-3627-B38C-F8148927488A}
		{47AA9777-FDBF-38D1-8938-54A6876AC101} = {47AA9777-FDBF-38D1-8938-54A6876AC101}
	EndProjectSection
EndProject
Project("{8BC9CEB8-8B4A-11D0-8D11-00A0C91BC942}") = "glfw", "src\glfw.vcxproj", "{47AA9777-FDBF-38D1-8938-54A6876AC101}"
	ProjectSection(ProjectDependencies) = postProject
		{AD090395-24EF-3627-B38C-F8148927488A} = {AD090395-24EF-3627-B38C-F8148927488A}
	EndProjectSection
EndProject
Project("{8BC9CEB8-8B4A-11D0-8D11-00A0C91BC942}") = "glfwinfo", "tests\glfwinfo.vcxproj", "{BFFD5A06-49E6-399B-92A3-0AFC34068B5A}"
	ProjectSection(ProjectDependencies) = postProject
		{AD090395-24EF-3627-B38C-F8148927488A} = {AD090395-24EF-3627-B38C-F8148927488A}
		{47AA9777-FDBF-38D1-8938-54A6876AC101} = {47AA9777-FDBF-38D1-8938-54A6876AC101}
	EndProjectSection
EndProject
Project("{8BC9CEB8-8B4A-11D0-8D11-00A0C91BC942}") = "heightmap", "examples\heightmap.vcxproj", "{7D94CCEB-165D-392C-893E-4FFEE0E1C710}"
	ProjectSection(ProjectDependencies) = postProject
		{AD090395-24EF-3627-B38C-F8148927488A} = {AD090395-24EF-3627-B38C-F8148927488A}
		{47AA9777-FDBF-38D1-8938-54A6876AC101} = {47AA9777-FDBF-38D1-8938-54A6876AC101}
	EndProjectSection
EndProject
Project("{8BC9CEB8-8B4A-11D0-8D11-00A0C91BC942}") = "icon", "tests\icon.vcxproj", "{365ABBA9-A6EA-3AAF-B59F-30693B8E773E}"
	ProjectSection(ProjectDependencies) = postProject
		{AD090395-24EF-3627-B38C-F8148927488A} = {AD090395-24EF-3627-B38C-F8148927488A}
		{47AA9777-FDBF-38D1-8938-54A6876AC101} = {47AA9777-FDBF-38D1-8938-54A6876AC101}
	EndProjectSection
EndProject
Project("{8BC9CEB8-8B4A-11D0-8D11-00A0C91BC942}") = "iconify", "tests\iconify.vcxproj", "{001E660E-C329-38C0-9971-C13AA4524085}"
	ProjectSection(ProjectDependencies) = postProject
		{AD090395-24EF-3627-B38C-F8148927488A} = {AD090395-24EF-3627-B38C-F8148927488A}
		{47AA9777-FDBF-38D1-8938-54A6876AC101} = {47AA9777-FDBF-38D1-8938-54A6876AC101}
	EndProjectSection
EndProject
Project("{8BC9CEB8-8B4A-11D0-8D11-00A0C91BC942}") = "inputlag", "tests\inputlag.vcxproj", "{9E36DB15-AE2A-38B1-9FC9-2F87A7F2B590}"
	ProjectSection(ProjectDependencies) = postProject
		{AD090395-24EF-3627-B38C-F8148927488A} = {AD090395-24EF-3627-B38C-F8148927488A}
		{47AA9777-FDBF-38D1-8938-54A6876AC101} = {47AA9777-FDBF-38D1-8938-54A6876AC101}
	EndProjectSection
EndProject
Project("{8BC9CEB8-8B4A-11D0-8D11-00A0C91BC942}") = "joysticks", "tests\joysticks.vcxproj", "{DF2FE795-A27D-3807-9C7B-18ED0E668DEA}"
	ProjectSection(ProjectDependencies) = postProject
		{AD090395-24EF-3627-B38C-F8148927488A} = {AD090395-24EF-3627-B38C-F8148927488A}
		{47AA9777-FDBF-38D1-8938-54A6876AC101} = {47AA9777-FDBF-38D1-8938-54A6876AC101}
	EndProjectSection
EndProject
Project("{8BC9CEB8-8B4A-11D0-8D11-00A0C91BC942}") = "monitors", "tests\monitors.vcxproj", "{4FAADA71-8AC9-32B6-A6F1-C809EC62A8EB}"
	ProjectSection(ProjectDependencies) = postProject
		{AD090395-24EF-3627-B38C-F8148927488A} = {AD090395-24EF-3627-B38C-F8148927488A}
		{47AA9777-FDBF-38D1-8938-54A6876AC101} = {47AA9777-FDBF-38D1-8938-54A6876AC101}
	EndProjectSection
EndProject
Project("{8BC9CEB8-8B4A-11D0-8D11-00A0C91BC942}") = "msaa", "tests\msaa.vcxproj", "{252F8C0C-C45D-3F70-B61E-6A9BFA357173}"
	ProjectSection(ProjectDependencies) = postProject
		{AD090395-24EF-3627-B38C-F8148927488A} = {AD090395-24EF-3627-B38C-F8148927488A}
		{47AA9777-FDBF-38D1-8938-54A6876AC101} = {47AA9777-FDBF-38D1-8938-54A6876AC101}
	EndProjectSection
EndProject
Project("{8BC9CEB8-8B4A-11D0-8D11-00A0C91BC942}") = "offscreen", "examples\offscreen.vcxproj", "{ADCE3FB0-0D61-301D-BB8A-5D310AC957A3}"
	ProjectSection(ProjectDependencies) = postProject
		{AD090395-24EF-3627-B38C-F8148927488A} = {AD090395-24EF-3627-B38C-F8148927488A}
		{47AA9777-FDBF-38D1-8938-54A6876AC101} = {47AA9777-FDBF-38D1-8938-54A6876AC101}
	EndProjectSection
EndProject
Project("{8BC9CEB8-8B4A-11D0-8D11-00A0C91BC942}") = "opacity", "tests\opacity.vcxproj", "{E8A02E78-29A1-3A32-92F0-BBADA7BD5166}"
	ProjectSection(ProjectDependencies) = postProject
		{AD090395-24EF-3627-B38C-F8148927488A} = {AD090395-24EF-3627-B38C-F8148927488A}
		{47AA9777-FDBF-38D1-8938-54A6876AC101} = {47AA9777-FDBF-38D1-8938-54A6876AC101}
	EndProjectSection
EndProject
Project("{8BC9CEB8-8B4A-11D0-8D11-00A0C91BC942}") = "particles", "examples\particles.vcxproj", "{0CE8BC3F-0E85-34F0-BAB2-0B9AB14F8671}"
	ProjectSection(ProjectDependencies) = postProject
		{AD090395-24EF-3627-B38C-F8148927488A} = {AD090395-24EF-3627-B38C-F8148927488A}
		{47AA9777-FDBF-38D1-8938-54A6876AC101} = {47AA9777-FDBF-38D1-8938-54A6876AC101}
	EndProjectSection
EndProject
Project("{8BC9CEB8-8B4A-11D0-8D11-00A0C91BC942}") = "reopen", "tests\reopen.vcxproj", "{773CAA61-948D-3E09-BC17-B9F6B8DEB8F5}"
	ProjectSection(ProjectDependencies) = postProject
		{AD090395-24EF-3627-B38C-F8148927488A} = {AD090395-24EF-3627-B38C-F8148927488A}
		{47AA9777-FDBF-38D1-8938-54A6876AC101} = {47AA9777-FDBF-38D1-8938-54A6876AC101}
	EndProjectSection
EndProject
Project("{8BC9CEB8-8B4A-11D0-8D11-00A0C91BC942}") = "sharing", "examples\sharing.vcxproj", "{24CC3AAB-326B-300D-86B5-47114084B19F}"
	ProjectSection(ProjectDependencies) = postProject
		{AD090395-24EF-3627-B38C-F8148927488A} = {AD090395-24EF-3627-B38C-F8148927488A}
		{47AA9777-FDBF-38D1-8938-54A6876AC101} = {47AA9777-FDBF-38D1-8938-54A6876AC101}
	EndProjectSection
EndProject
Project("{8BC9CEB8-8B4A-11D0-8D11-00A0C91BC942}") = "simple", "examples\simple.vcxproj", "{FA06B4DA-C492-31E0-83FE-9F515B1986D2}"
	ProjectSection(ProjectDependencies) = postProject
		{AD090395-24EF-3627-B38C-F8148927488A} = {AD090395-24EF-3627-B38C-F8148927488A}
		{47AA9777-FDBF-38D1-8938-54A6876AC101} = {47AA9777-FDBF-38D1-8938-54A6876AC101}
	EndProjectSection
EndProject
Project("{8BC9CEB8-8B4A-11D0-8D11-00A0C91BC942}") = "splitview", "examples\splitview.vcxproj", "{738E8B12-9424-3F7A-8BAA-935DE64C440E}"
	ProjectSection(ProjectDependencies) = postProject
		{AD090395-24EF-3627-B38C-F8148927488A} = {AD090395-24EF-3627-B38C-F8148927488A}
		{47AA9777-FDBF-38D1-8938-54A6876AC101} = {47AA9777-FDBF-38D1-8938-54A6876AC101}
	EndProjectSection
EndProject
Project("{8BC9CEB8-8B4A-11D0-8D11-00A0C91BC942}") = "tearing", "tests\tearing.vcxproj", "{65BBE8FC-9526-3462-A861-89D3E4E99DDC}"
	ProjectSection(ProjectDependencies) = postProject
		{AD090395-24EF-3627-B38C-F8148927488A} = {AD090395-24EF-3627-B38C-F8148927488A}
		{47AA9777-FDBF-38D1-8938-54A6876AC101} = {47AA9777-FDBF-38D1-8938-54A6876AC101}
	EndProjectSection
EndProject
Project("{8BC9CEB8-8B4A-11D0-8D11-00A0C91BC942}") = "threads", "tests\threads.vcxproj", "{4436AFF2-D861-3C5A-9EE7-35A646878DC9}"
	ProjectSection(ProjectDependencies) = postProject
		{AD090395-24EF-3627-B38C-F8148927488A} = {AD090395-24EF-3627-B38C-F8148927488A}
		{47AA9777-FDBF-38D1-8938-54A6876AC101} = {47AA9777-FDBF-38D1-8938-54A6876AC101}
	EndProjectSection
EndProject
Project("{8BC9CEB8-8B4A-11D0-8D11-00A0C91BC942}") = "timeout", "tests\timeout.vcxproj", "{61DB5C85-41A8-3EB0-9D59-F713E8A091CA}"
	ProjectSection(ProjectDependencies) = postProject
		{AD090395-24EF-3627-B38C-F8148927488A} = {AD090395-24EF-3627-B38C-F8148927488A}
		{47AA9777-FDBF-38D1-8938-54A6876AC101} = {47AA9777-FDBF-38D1-8938-54A6876AC101}
	EndProjectSection
EndProject
Project("{8BC9CEB8-8B4A-11D0-8D11-00A0C91BC942}") = "title", "tests\title.vcxproj", "{5E4EA460-9D70-3C44-AA2C-A36CB7E40B29}"
	ProjectSection(ProjectDependencies) = postProject
		{AD090395-24EF-3627-B38C-F8148927488A} = {AD090395-24EF-3627-B38C-F8148927488A}
		{47AA9777-FDBF-38D1-8938-54A6876AC101} = {47AA9777-FDBF-38D1-8938-54A6876AC101}
	EndProjectSection
EndProject
Project("{8BC9CEB8-8B4A-11D0-8D11-00A0C91BC942}") = "triangle-vulkan", "tests\triangle-vulkan.vcxproj", "{F836514F-C7D2-3E52-B5CD-2D623A950AC8}"
	ProjectSection(ProjectDependencies) = postProject
		{AD090395-24EF-3627-B38C-F8148927488A} = {AD090395-24EF-3627-B38C-F8148927488A}
		{47AA9777-FDBF-38D1-8938-54A6876AC101} = {47AA9777-FDBF-38D1-8938-54A6876AC101}
	EndProjectSection
EndProject
Project("{8BC9CEB8-8B4A-11D0-8D11-00A0C91BC942}") = "uninstall", "uninstall.vcxproj", "{D1B7E0DC-0873-3953-A6E3-30C663D1CE8A}"
	ProjectSection(ProjectDependencies) = postProject
		{AD090395-24EF-3627-B38C-F8148927488A} = {AD090395-24EF-3627-B38C-F8148927488A}
	EndProjectSection
EndProject
Project("{8BC9CEB8-8B4A-11D0-8D11-00A0C91BC942}") = "update_mappings", "src\update_mappings.vcxproj", "{E5384CCD-580E-3F39-A91D-24DF518432C7}"
	ProjectSection(ProjectDependencies) = postProject
		{AD090395-24EF-3627-B38C-F8148927488A} = {AD090395-24EF-3627-B38C-F8148927488A}
	EndProjectSection
EndProject
Project("{8BC9CEB8-8B4A-11D0-8D11-00A0C91BC942}") = "wave", "examples\wave.vcxproj", "{67608D47-1CD4-3EE6-A6FE-61F6FE0C1E01}"
	ProjectSection(ProjectDependencies) = postProject
		{AD090395-24EF-3627-B38C-F8148927488A} = {AD090395-24EF-3627-B38C-F8148927488A}
		{47AA9777-FDBF-38D1-8938-54A6876AC101} = {47AA9777-FDBF-38D1-8938-54A6876AC101}
	EndProjectSection
EndProject
Project("{8BC9CEB8-8B4A-11D0-8D11-00A0C91BC942}") = "windows", "tests\windows.vcxproj", "{F82720AF-D55D-3046-BC8D-B2915CEA80FC}"
	ProjectSection(ProjectDependencies) = postProject
		{AD090395-24EF-3627-B38C-F8148927488A} = {AD090395-24EF-3627-B38C-F8148927488A}
		{47AA9777-FDBF-38D1-8938-54A6876AC101} = {47AA9777-FDBF-38D1-8938-54A6876AC101}
	EndProjectSection
EndProject
Global
	GlobalSection(SolutionConfigurationPlatforms) = preSolution
		Debug|x64 = Debug|x64
		Release|x64 = Release|x64
		MinSizeRel|x64 = MinSizeRel|x64
		RelWithDebInfo|x64 = RelWithDebInfo|x64
	EndGlobalSection
	GlobalSection(ProjectConfigurationPlatforms) = postSolution
		{FDBE97AE-4372-3E9E-A26F-F9C83D23D2CB}.Debug|x64.ActiveCfg = Debug|x64
		{FDBE97AE-4372-3E9E-A26F-F9C83D23D2CB}.Debug|x64.Build.0 = Debug|x64
		{FDBE97AE-4372-3E9E-A26F-F9C83D23D2CB}.Release|x64.ActiveCfg = Release|x64
		{FDBE97AE-4372-3E9E-A26F-F9C83D23D2CB}.Release|x64.Build.0 = Release|x64
		{FDBE97AE-4372-3E9E-A26F-F9C83D23D2CB}.MinSizeRel|x64.ActiveCfg = MinSizeRel|x64
		{FDBE97AE-4372-3E9E-A26F-F9C83D23D2CB}.MinSizeRel|x64.Build.0 = MinSizeRel|x64
		{FDBE97AE-4372-3E9E-A26F-F9C83D23D2CB}.RelWithDebInfo|x64.ActiveCfg = RelWithDebInfo|x64
		{FDBE97AE-4372-3E9E-A26F-F9C83D23D2CB}.RelWithDebInfo|x64.Build.0 = RelWithDebInfo|x64
		{5ECB5F64-0A38-323B-BD98-F23E41DA39CD}.Debug|x64.ActiveCfg = Debug|x64
		{5ECB5F64-0A38-323B-BD98-F23E41DA39CD}.Release|x64.ActiveCfg = Release|x64
		{5ECB5F64-0A38-323B-BD98-F23E41DA39CD}.MinSizeRel|x64.ActiveCfg = MinSizeRel|x64
		{5ECB5F64-0A38-323B-BD98-F23E41DA39CD}.RelWithDebInfo|x64.ActiveCfg = RelWithDebInfo|x64
		{AD090395-24EF-3627-B38C-F8148927488A}.Debug|x64.ActiveCfg = Debug|x64
		{AD090395-24EF-3627-B38C-F8148927488A}.Debug|x64.Build.0 = Debug|x64
		{AD090395-24EF-3627-B38C-F8148927488A}.Release|x64.ActiveCfg = Release|x64
		{AD090395-24EF-3627-B38C-F8148927488A}.Release|x64.Build.0 = Release|x64
		{AD090395-24EF-3627-B38C-F8148927488A}.MinSizeRel|x64.ActiveCfg = MinSizeRel|x64
		{AD090395-24EF-3627-B38C-F8148927488A}.MinSizeRel|x64.Build.0 = MinSizeRel|x64
		{AD090395-24EF-3627-B38C-F8148927488A}.RelWithDebInfo|x64.ActiveCfg = RelWithDebInfo|x64
		{AD090395-24EF-3627-B38C-F8148927488A}.RelWithDebInfo|x64.Build.0 = RelWithDebInfo|x64
		{5AF67D52-3C30-3DD5-8F36-94CEE1A6233B}.Debug|x64.ActiveCfg = Debug|x64
		{5AF67D52-3C30-3DD5-8F36-94CEE1A6233B}.Debug|x64.Build.0 = Debug|x64
		{5AF67D52-3C30-3DD5-8F36-94CEE1A6233B}.Release|x64.ActiveCfg = Release|x64
		{5AF67D52-3C30-3DD5-8F36-94CEE1A6233B}.Release|x64.Build.0 = Release|x64
		{5AF67D52-3C30-3DD5-8F36-94CEE1A6233B}.MinSizeRel|x64.ActiveCfg = MinSizeRel|x64
		{5AF67D52-3C30-3DD5-8F36-94CEE1A6233B}.MinSizeRel|x64.Build.0 = MinSizeRel|x64
		{5AF67D52-3C30-3DD5-8F36-94CEE1A6233B}.RelWithDebInfo|x64.ActiveCfg = RelWithDebInfo|x64
		{5AF67D52-3C30-3DD5-8F36-94CEE1A6233B}.RelWithDebInfo|x64.Build.0 = RelWithDebInfo|x64
		{C5DBB39A-759C-348C-AFE4-D911585AE00F}.Debug|x64.ActiveCfg = Debug|x64
		{C5DBB39A-759C-348C-AFE4-D911585AE00F}.Debug|x64.Build.0 = Debug|x64
		{C5DBB39A-759C-348C-AFE4-D911585AE00F}.Release|x64.ActiveCfg = Release|x64
		{C5DBB39A-759C-348C-AFE4-D911585AE00F}.Release|x64.Build.0 = Release|x64
		{C5DBB39A-759C-348C-AFE4-D911585AE00F}.MinSizeRel|x64.ActiveCfg = MinSizeRel|x64
		{C5DBB39A-759C-348C-AFE4-D911585AE00F}.MinSizeRel|x64.Build.0 = MinSizeRel|x64
		{C5DBB39A-759C-348C-AFE4-D911585AE00F}.RelWithDebInfo|x64.ActiveCfg = RelWithDebInfo|x64
		{C5DBB39A-759C-348C-AFE4-D911585AE00F}.RelWithDebInfo|x64.Build.0 = RelWithDebInfo|x64
		{FBDD0483-D79B-30D9-B6A3-071732D46D7B}.Debug|x64.ActiveCfg = Debug|x64
		{FBDD0483-D79B-30D9-B6A3-071732D46D7B}.Debug|x64.Build.0 = Debug|x64
		{FBDD0483-D79B-30D9-B6A3-071732D46D7B}.Release|x64.ActiveCfg = Release|x64
		{FBDD0483-D79B-30D9-B6A3-071732D46D7B}.Release|x64.Build.0 = Release|x64
		{FBDD0483-D79B-30D9-B6A3-071732D46D7B}.MinSizeRel|x64.ActiveCfg = MinSizeRel|x64
		{FBDD0483-D79B-30D9-B6A3-071732D46D7B}.MinSizeRel|x64.Build.0 = MinSizeRel|x64
		{FBDD0483-D79B-30D9-B6A3-071732D46D7B}.RelWithDebInfo|x64.ActiveCfg = RelWithDebInfo|x64
		{FBDD0483-D79B-30D9-B6A3-071732D46D7B}.RelWithDebInfo|x64.Build.0 = RelWithDebInfo|x64
		{A7B30A98-0932-362D-931C-0F4763DA6470}.Debug|x64.ActiveCfg = Debug|x64
		{A7B30A98-0932-362D-931C-0F4763DA6470}.Debug|x64.Build.0 = Debug|x64
		{A7B30A98-0932-362D-931C-0F4763DA6470}.Release|x64.ActiveCfg = Release|x64
		{A7B30A98-0932-362D-931C-0F4763DA6470}.Release|x64.Build.0 = Release|x64
		{A7B30A98-0932-362D-931C-0F4763DA6470}.MinSizeRel|x64.ActiveCfg = MinSizeRel|x64
		{A7B30A98-0932-362D-931C-0F4763DA6470}.MinSizeRel|x64.Build.0 = MinSizeRel|x64
		{A7B30A98-0932-362D-931C-0F4763DA6470}.RelWithDebInfo|x64.ActiveCfg = RelWithDebInfo|x64
		{A7B30A98-0932-362D-931C-0F4763DA6470}.RelWithDebInfo|x64.Build.0 = RelWithDebInfo|x64
		{D83138E4-3F17-3239-A87C-1EF71993110D}.Debug|x64.ActiveCfg = Debug|x64
		{D83138E4-3F17-3239-A87C-1EF71993110D}.Debug|x64.Build.0 = Debug|x64
		{D83138E4-3F17-3239-A87C-1EF71993110D}.Release|x64.ActiveCfg = Release|x64
		{D83138E4-3F17-3239-A87C-1EF71993110D}.Release|x64.Build.0 = Release|x64
		{D83138E4-3F17-3239-A87C-1EF71993110D}.MinSizeRel|x64.ActiveCfg = MinSizeRel|x64
		{D83138E4-3F17-3239-A87C-1EF71993110D}.MinSizeRel|x64.Build.0 = MinSizeRel|x64
		{D83138E4-3F17-3239-A87C-1EF71993110D}.RelWithDebInfo|x64.ActiveCfg = RelWithDebInfo|x64
		{D83138E4-3F17-3239-A87C-1EF71993110D}.RelWithDebInfo|x64.Build.0 = RelWithDebInfo|x64
		{69D518D9-5579-34BC-A921-E46AB19A9D6C}.Debug|x64.ActiveCfg = Debug|x64
		{69D518D9-5579-34BC-A921-E46AB19A9D6C}.Debug|x64.Build.0 = Debug|x64
		{69D518D9-5579-34BC-A921-E46AB19A9D6C}.Release|x64.ActiveCfg = Release|x64
		{69D518D9-5579-34BC-A921-E46AB19A9D6C}.Release|x64.Build.0 = Release|x64
		{69D518D9-5579-34BC-A921-E46AB19A9D6C}.MinSizeRel|x64.ActiveCfg = MinSizeRel|x64
		{69D518D9-5579-34BC-A921-E46AB19A9D6C}.MinSizeRel|x64.Build.0 = MinSizeRel|x64
		{69D518D9-5579-34BC-A921-E46AB19A9D6C}.RelWithDebInfo|x64.ActiveCfg = RelWithDebInfo|x64
		{69D518D9-5579-34BC-A921-E46AB19A9D6C}.RelWithDebInfo|x64.Build.0 = RelWithDebInfo|x64
		{EC7D051D-A5C1-314C-99B0-78DAFA8FB4F9}.Debug|x64.ActiveCfg = Debug|x64
		{EC7D051D-A5C1-314C-99B0-78DAFA8FB4F9}.Debug|x64.Build.0 = Debug|x64
		{EC7D051D-A5C1-314C-99B0-78DAFA8FB4F9}.Release|x64.ActiveCfg = Release|x64
		{EC7D051D-A5C1-314C-99B0-78DAFA8FB4F9}.Release|x64.Build.0 = Release|x64
		{EC7D051D-A5C1-314C-99B0-78DAFA8FB4F9}.MinSizeRel|x64.ActiveCfg = MinSizeRel|x64
		{EC7D051D-A5C1-314C-99B0-78DAFA8FB4F9}.MinSizeRel|x64.Build.0 = MinSizeRel|x64
		{EC7D051D-A5C1-314C-99B0-78DAFA8FB4F9}.RelWithDebInfo|x64.ActiveCfg = RelWithDebInfo|x64
		{EC7D051D-A5C1-314C-99B0-78DAFA8FB4F9}.RelWithDebInfo|x64.Build.0 = RelWithDebInfo|x64
		{47AA9777-FDBF-38D1-8938-54A6876AC101}.Debug|x64.ActiveCfg = Debug|x64
		{47AA9777-FDBF-38D1-8938-54A6876AC101}.Debug|x64.Build.0 = Debug|x64
		{47AA9777-FDBF-38D1-8938-54A6876AC101}.Release|x64.ActiveCfg = Release|x64
		{47AA9777-FDBF-38D1-8938-54A6876AC101}.Release|x64.Build.0 = Release|x64
		{47AA9777-FDBF-38D1-8938-54A6876AC101}.MinSizeRel|x64.ActiveCfg = MinSizeRel|x64
		{47AA9777-FDBF-38D1-8938-54A6876AC101}.MinSizeRel|x64.Build.0 = MinSizeRel|x64
		{47AA9777-FDBF-38D1-8938-54A6876AC101}.RelWithDebInfo|x64.ActiveCfg = RelWithDebInfo|x64
		{47AA9777-FDBF-38D1-8938-54A6876AC101}.RelWithDebInfo|x64.Build.0 = RelWithDebInfo|x64
		{BFFD5A06-49E6-399B-92A3-0AFC34068B5A}.Debug|x64.ActiveCfg = Debug|x64
		{BFFD5A06-49E6-399B-92A3-0AFC34068B5A}.Debug|x64.Build.0 = Debug|x64
		{BFFD5A06-49E6-399B-92A3-0AFC34068B5A}.Release|x64.ActiveCfg = Release|x64
		{BFFD5A06-49E6-399B-92A3-0AFC34068B5A}.Release|x64.Build.0 = Release|x64
		{BFFD5A06-49E6-399B-92A3-0AFC34068B5A}.MinSizeRel|x64.ActiveCfg = MinSizeRel|x64
		{BFFD5A06-49E6-399B-92A3-0AFC34068B5A}.MinSizeRel|x64.Build.0 = MinSizeRel|x64
		{BFFD5A06-49E6-399B-92A3-0AFC34068B5A}.RelWithDebInfo|x64.ActiveCfg = RelWithDebInfo|x64
		{BFFD5A06-49E6-399B-92A3-0AFC34068B5A}.RelWithDebInfo|x64.Build.0 = RelWithDebInfo|x64
		{7D94CCEB-165D-392C-893E-4FFEE0E1C710}.Debug|x64.ActiveCfg = Debug|x64
		{7D94CCEB-165D-392C-893E-4FFEE0E1C710}.Debug|x64.Build.0 = Debug|x64
		{7D94CCEB-165D-392C-893E-4FFEE0E1C710}.Release|x64.ActiveCfg = Release|x64
		{7D94CCEB-165D-392C-893E-4FFEE0E1C710}.Release|x64.Build.0 = Release|x64
		{7D94CCEB-165D-392C-893E-4FFEE0E1C710}.MinSizeRel|x64.ActiveCfg = MinSizeRel|x64
		{7D94CCEB-165D-392C-893E-4FFEE0E1C710}.MinSizeRel|x64.Build.0 = MinSizeRel|x64
		{7D94CCEB-165D-392C-893E-4FFEE0E1C710}.RelWithDebInfo|x64.ActiveCfg = RelWithDebInfo|x64
		{7D94CCEB-165D-392C-893E-4FFEE0E1C710}.RelWithDebInfo|x64.Build.0 = RelWithDebInfo|x64
		{365ABBA9-A6EA-3AAF-B59F-30693B8E773E}.Debug|x64.ActiveCfg = Debug|x64
		{365ABBA9-A6EA-3AAF-B59F-30693B8E773E}.Debug|x64.Build.0 = Debug|x64
		{365ABBA9-A6EA-3AAF-B59F-30693B8E773E}.Release|x64.ActiveCfg = Release|x64
		{365ABBA9-A6EA-3AAF-B59F-30693B8E773E}.Release|x64.Build.0 = Release|x64
		{365ABBA9-A6EA-3AAF-B59F-30693B8E773E}.MinSizeRel|x64.ActiveCfg = MinSizeRel|x64
		{365ABBA9-A6EA-3AAF-B59F-30693B8E773E}.MinSizeRel|x64.Build.0 = MinSizeRel|x64
		{365ABBA9-A6EA-3AAF-B59F-30693B8E773E}.RelWithDebInfo|x64.ActiveCfg = RelWithDebInfo|x64
		{365ABBA9-A6EA-3AAF-B59F-30693B8E773E}.RelWithDebInfo|x64.Build.0 = RelWithDebInfo|x64
		{001E660E-C329-38C0-9971-C13AA4524085}.Debug|x64.ActiveCfg = Debug|x64
		{001E660E-C329-38C0-9971-C13AA4524085}.Debug|x64.Build.0 = Debug|x64
		{001E660E-C329-38C0-9971-C13AA4524085}.Release|x64.ActiveCfg = Release|x64
		{001E660E-C329-38C0-9971-C13AA4524085}.Release|x64.Build.0 = Release|x64
		{001E660E-C329-38C0-9971-C13AA4524085}.MinSizeRel|x64.ActiveCfg = MinSizeRel|x64
		{001E660E-C329-38C0-9971-C13AA4524085}.MinSizeRel|x64.Build.0 = MinSizeRel|x64
		{001E660E-C329-38C0-9971-C13AA4524085}.RelWithDebInfo|x64.ActiveCfg = RelWithDebInfo|x64
		{001E660E-C329-38C0-9971-C13AA4524085}.RelWithDebInfo|x64.Build.0 = RelWithDebInfo|x64
		{9E36DB15-AE2A-38B1-9FC9-2F87A7F2B590}.Debug|x64.ActiveCfg = Debug|x64
		{9E36DB15-AE2A-38B1-9FC9-2F87A7F2B590}.Debug|x64.Build.0 = Debug|x64
		{9E36DB15-AE2A-38B1-9FC9-2F87A7F2B590}.Release|x64.ActiveCfg = Release|x64
		{9E36DB15-AE2A-38B1-9FC9-2F87A7F2B590}.Release|x64.Build.0 = Release|x64
		{9E36DB15-AE2A-38B1-9FC9-2F87A7F2B590}.MinSizeRel|x64.ActiveCfg = MinSizeRel|x64
		{9E36DB15-AE2A-38B1-9FC9-2F87A7F2B590}.MinSizeRel|x64.Build.0 = MinSizeRel|x64
		{9E36DB15-AE2A-38B1-9FC9-2F87A7F2B590}.RelWithDebInfo|x64.ActiveCfg = RelWithDebInfo|x64
		{9E36DB15-AE2A-38B1-9FC9-2F87A7F2B590}.RelWithDebInfo|x64.Build.0 = RelWithDebInfo|x64
		{DF2FE795-A27D-3807-9C7B-18ED0E668DEA}.Debug|x64.ActiveCfg = Debug|x64
		{DF2FE795-A27D-3807-9C7B-18ED0E668DEA}.Debug|x64.Build.0 = Debug|x64
		{DF2FE795-A27D-3807-9C7B-18ED0E668DEA}.Release|x64.ActiveCfg = Release|x64
		{DF2FE795-A27D-3807-9C7B-18ED0E668DEA}.Release|x64.Build.0 = Release|x64
		{DF2FE795-A27D-3807-9C7B-18ED0E668DEA}.MinSizeRel|x64.ActiveCfg = MinSizeRel|x64
		{DF2FE795-A27D-3807-9C7B-18ED0E668DEA}.MinSizeRel|x64.Build.0 = MinSizeRel|x64
		{DF2FE795-A27D-3807-9C7B-18ED0E668DEA}.RelWithDebInfo|x64.ActiveCfg = RelWithDebInfo|x64
		{DF2FE795-A27D-3807-9C7B-18ED0E668DEA}.RelWithDebInfo|x64.Build.0 = RelWithDebInfo|x64
		{4FAADA71-8AC9-32B6-A6F1-C809EC62A8EB}.Debug|x64.ActiveCfg = Debug|x64
		{4FAADA71-8AC9-32B6-A6F1-C809EC62A8EB}.Debug|x64.Build.0 = Debug|x64
		{4FAADA71-8AC9-32B6-A6F1-C809EC62A8EB}.Release|x64.ActiveCfg = Release|x64
		{4FAADA71-8AC9-32B6-A6F1-C809EC62A8EB}.Release|x64.Build.0 = Release|x64
		{4FAADA71-8AC9-32B6-A6F1-C809EC62A8EB}.MinSizeRel|x64.ActiveCfg = MinSizeRel|x64
		{4FAADA71-8AC9-32B6-A6F1-C809EC62A8EB}.MinSizeRel|x64.Build.0 = MinSizeRel|x64
		{4FAADA71-8AC9-32B6-A6F1-C809EC62A8EB}.RelWithDebInfo|x64.ActiveCfg = RelWithDebInfo|x64
		{4FAADA71-8AC9-32B6-A6F1-C809EC62A8EB}.RelWithDebInfo|x64.Build.0 = RelWithDebInfo|x64
		{252F8C0C-C45D-3F70-B61E-6A9BFA357173}.Debug|x64.ActiveCfg = Debug|x64
		{252F8C0C-C45D-3F70-B61E-6A9BFA357173}.Debug|x64.Build.0 = Debug|x64
		{252F8C0C-C45D-3F70-B61E-6A9BFA357173}.Release|x64.ActiveCfg = Release|x64
		{252F8C0C-C45D-3F70-B61E-6A9BFA357173}.Release|x64.Build.0 = Release|x64
		{252F8C0C-C45D-3F70-B61E-6A9BFA357173}.MinSizeRel|x64.ActiveCfg = MinSizeRel|x64
		{252F8C0C-C45D-3F70-B61E-6A9BFA357173}.MinSizeRel|x64.Build.0 = MinSizeRel|x64
		{252F8C0C-C45D-3F70-B61E-6A9BFA357173}.RelWithDebInfo|x64.ActiveCfg = RelWithDebInfo|x64
		{252F8C0C-C45D-3F70-B61E-6A9BFA357173}.RelWithDebInfo|x64.Build.0 = RelWithDebInfo|x64
		{ADCE3FB0-0D61-301D-BB8A-5D310AC957A3}.Debug|x64.ActiveCfg = Debug|x64
		{ADCE3FB0-0D61-301D-BB8A-5D310AC957A3}.Debug|x64.Build.0 = Debug|x64
		{ADCE3FB0-0D61-301D-BB8A-5D310AC957A3}.Release|x64.ActiveCfg = Release|x64
		{ADCE3FB0-0D61-301D-BB8A-5D310AC957A3}.Release|x64.Build.0 = Release|x64
		{ADCE3FB0-0D61-301D-BB8A-5D310AC957A3}.MinSizeRel|x64.ActiveCfg = MinSizeRel|x64
		{ADCE3FB0-0D61-301D-BB8A-5D310AC957A3}.MinSizeRel|x64.Build.0 = MinSizeRel|x64
		{ADCE3FB0-0D61-301D-BB8A-5D310AC957A3}.RelWithDebInfo|x64.ActiveCfg = RelWithDebInfo|x64
		{ADCE3FB0-0D61-301D-BB8A-5D310AC957A3}.RelWithDebInfo|x64.Build.0 = RelWithDebInfo|x64
		{E8A02E78-29A1-3A32-92F0-BBADA7BD5166}.Debug|x64.ActiveCfg = Debug|x64
		{E8A02E78-29A1-3A32-92F0-BBADA7BD5166}.Debug|x64.Build.0 = Debug|x64
		{E8A02E78-29A1-3A32-92F0-BBADA7BD5166}.Release|x64.ActiveCfg = Release|x64
		{E8A02E78-29A1-3A32-92F0-BBADA7BD5166}.Release|x64.Build.0 = Release|x64
		{E8A02E78-29A1-3A32-92F0-BBADA7BD5166}.MinSizeRel|x64.ActiveCfg = MinSizeRel|x64
		{E8A02E78-29A1-3A32-92F0-BBADA7BD5166}.MinSizeRel|x64.Build.0 = MinSizeRel|x64
		{E8A02E78-29A1-3A32-92F0-BBADA7BD5166}.RelWithDebInfo|x64.ActiveCfg = RelWithDebInfo|x64
		{E8A02E78-29A1-3A32-92F0-BBADA7BD5166}.RelWithDebInfo|x64.Build.0 = RelWithDebInfo|x64
		{0CE8BC3F-0E85-34F0-BAB2-0B9AB14F8671}.Debug|x64.ActiveCfg = Debug|x64
		{0CE8BC3F-0E85-34F0-BAB2-0B9AB14F8671}.Debug|x64.Build.0 = Debug|x64
		{0CE8BC3F-0E85-34F0-BAB2-0B9AB14F8671}.Release|x64.ActiveCfg = Release|x64
		{0CE8BC3F-0E85-34F0-BAB2-0B9AB14F8671}.Release|x64.Build.0 = Release|x64
		{0CE8BC3F-0E85-34F0-BAB2-0B9AB14F8671}.MinSizeRel|x64.ActiveCfg = MinSizeRel|x64
		{0CE8BC3F-0E85-34F0-BAB2-0B9AB14F8671}.MinSizeRel|x64.Build.0 = MinSizeRel|x64
		{0CE8BC3F-0E85-34F0-BAB2-0B9AB14F8671}.RelWithDebInfo|x64.ActiveCfg = RelWithDebInfo|x64
		{0CE8BC3F-0E85-34F0-BAB2-0B9AB14F8671}.RelWithDebInfo|x64.Build.0 = RelWithDebInfo|x64
		{773CAA61-948D-3E09-BC17-B9F6B8DEB8F5}.Debug|x64.ActiveCfg = Debug|x64
		{773CAA61-948D-3E09-BC17-B9F6B8DEB8F5}.Debug|x64.Build.0 = Debug|x64
		{773CAA61-948D-3E09-BC17-B9F6B8DEB8F5}.Release|x64.ActiveCfg = Release|x64
		{773CAA61-948D-3E09-BC17-B9F6B8DEB8F5}.Release|x64.Build.0 = Release|x64
		{773CAA61-948D-3E09-BC17-B9F6B8DEB8F5}.MinSizeRel|x64.ActiveCfg = MinSizeRel|x64
		{773CAA61-948D-3E09-BC17-B9F6B8DEB8F5}.MinSizeRel|x64.Build.0 = MinSizeRel|x64
		{773CAA61-948D-3E09-BC17-B9F6B8DEB8F5}.RelWithDebInfo|x64.ActiveCfg = RelWithDebInfo|x64
		{773CAA61-948D-3E09-BC17-B9F6B8DEB8F5}.RelWithDebInfo|x64.Build.0 = RelWithDebInfo|x64
		{24CC3AAB-326B-300D-86B5-47114084B19F}.Debug|x64.ActiveCfg = Debug|x64
		{24CC3AAB-326B-300D-86B5-47114084B19F}.Debug|x64.Build.0 = Debug|x64
		{24CC3AAB-326B-300D-86B5-47114084B19F}.Release|x64.ActiveCfg = Release|x64
		{24CC3AAB-326B-300D-86B5-47114084B19F}.Release|x64.Build.0 = Release|x64
		{24CC3AAB-326B-300D-86B5-47114084B19F}.MinSizeRel|x64.ActiveCfg = MinSizeRel|x64
		{24CC3AAB-326B-300D-86B5-47114084B19F}.MinSizeRel|x64.Build.0 = MinSizeRel|x64
		{24CC3AAB-326B-300D-86B5-47114084B19F}.RelWithDebInfo|x64.ActiveCfg = RelWithDebInfo|x64
		{24CC3AAB-326B-300D-86B5-47114084B19F}.RelWithDebInfo|x64.Build.0 = RelWithDebInfo|x64
		{FA06B4DA-C492-31E0-83FE-9F515B1986D2}.Debug|x64.ActiveCfg = Debug|x64
		{FA06B4DA-C492-31E0-83FE-9F515B1986D2}.Debug|x64.Build.0 = Debug|x64
		{FA06B4DA-C492-31E0-83FE-9F515B1986D2}.Release|x64.ActiveCfg = Release|x64
		{FA06B4DA-C492-31E0-83FE-9F515B1986D2}.Release|x64.Build.0 = Release|x64
		{FA06B4DA-C492-31E0-83FE-9F515B1986D2}.MinSizeRel|x64.ActiveCfg = MinSizeRel|x64
		{FA06B4DA-C492-31E0-83FE-9F515B1986D2}.MinSizeRel|x64.Build.0 = MinSizeRel|x64
		{FA06B4DA-C492-31E0-83FE-9F515B1986D2}.RelWithDebInfo|x64.ActiveCfg = RelWithDebInfo|x64
		{FA06B4DA-C492-31E0-83FE-9F515B1986D2}.RelWithDebInfo|x64.Build.0 = RelWithDebInfo|x64
		{738E8B12-9424-3F7A-8BAA-935DE64C440E}.Debug|x64.ActiveCfg = Debug|x64
		{738E8B12-9424-3F7A-8BAA-935DE64C440E}.Debug|x64.Build.0 = Debug|x64
		{738E8B12-9424-3F7A-8BAA-935DE64C440E}.Release|x64.ActiveCfg = Release|x64
		{738E8B12-9424-3F7A-8BAA-935DE64C440E}.Release|x64.Build.0 = Release|x64
		{738E8B12-9424-3F7A-8BAA-935DE64C440E}.MinSizeRel|x64.ActiveCfg = MinSizeRel|x64
		{738E8B12-9424-3F7A-8BAA-935DE64C440E}.MinSizeRel|x64.Build.0 = MinSizeRel|x64
		{738E8B12-9424-3F7A-8BAA-935DE64C440E}.RelWithDebInfo|x64.ActiveCfg = RelWithDebInfo|x64
		{738E8B12-9424-3F7A-8BAA-935DE64C440E}.RelWithDebInfo|x64.Build.0 = RelWithDebInfo|x64
		{65BBE8FC-9526-3462-A861-89D3E4E99DDC}.Debug|x64.ActiveCfg = Debug|x64
		{65BBE8FC-9526-3462-A861-89D3E4E99DDC}.Debug|x64.Build.0 = Debug|x64
		{65BBE8FC-9526-3462-A861-89D3E4E99DDC}.Release|x64.ActiveCfg = Release|x64
		{65BBE8FC-9526-3462-A861-89D3E4E99DDC}.Release|x64.Build.0 = Release|x64
		{65BBE8FC-9526-3462-A861-89D3E4E99DDC}.MinSizeRel|x64.ActiveCfg = MinSizeRel|x64
		{65BBE8FC-9526-3462-A861-89D3E4E99DDC}.MinSizeRel|x64.Build.0 = MinSizeRel|x64
		{65BBE8FC-9526-3462-A861-89D3E4E99DDC}.RelWithDebInfo|x64.ActiveCfg = RelWithDebInfo|x64
		{65BBE8FC-9526-3462-A861-89D3E4E99DDC}.RelWithDebInfo|x64.Build.0 = RelWithDebInfo|x64
		{4436AFF2-D861-3C5A-9EE7-35A646878DC9}.Debug|x64.ActiveCfg = Debug|x64
		{4436AFF2-D861-3C5A-9EE7-35A646878DC9}.Debug|x64.Build.0 = Debug|x64
		{4436AFF2-D861-3C5A-9EE7-35A646878DC9}.Release|x64.ActiveCfg = Release|x64
		{4436AFF2-D861-3C5A-9EE7-35A646878DC9}.Release|x64.Build.0 = Release|x64
		{4436AFF2-D861-3C5A-9EE7-35A646878DC9}.MinSizeRel|x64.ActiveCfg = MinSizeRel|x64
		{4436AFF2-D861-3C5A-9EE7-35A646878DC9}.MinSizeRel|x64.Build.0 = MinSizeRel|x64
		{4436AFF2-D861-3C5A-9EE7-35A646878DC9}.RelWithDebInfo|x64.ActiveCfg = RelWithDebInfo|x64
		{4436AFF2-D861-3C5A-9EE7-35A646878DC9}.RelWithDebInfo|x64.Build.0 = RelWithDebInfo|x64
		{61DB5C85-41A8-3EB0-9D59-F713E8A091CA}.Debug|x64.ActiveCfg = Debug|x64
		{61DB5C85-41A8-3EB0-9D59-F713E8A091CA}.Debug|x64.Build.0 = Debug|x64
		{61DB5C85-41A8-3EB0-9D59-F713E8A091CA}.Release|x64.ActiveCfg = Release|x64
		{61DB5C85-41A8-3EB0-9D59-F713E8A091CA}.Release|x64.Build.0 = Release|x64
		{61DB5C85-41A8-3EB0-9D59-F713E8A091CA}.MinSizeRel|x64.ActiveCfg = MinSizeRel|x64
		{61DB5C85-41A8-3EB0-9D59-F713E8A091CA}.MinSizeRel|x64.Build.0 = MinSizeRel|x64
		{61DB5C85-41A8-3EB0-9D59-F713E8A091CA}.RelWithDebInfo|x64.ActiveCfg = RelWithDebInfo|x64
		{61DB5C85-41A8-3EB0-9D59-F713E8A091CA}.RelWithDebInfo|x64.Build.0 = RelWithDebInfo|x64
		{5E4EA460-9D70-3C44-AA2C-A36CB7E40B29}.Debug|x64.ActiveCfg = Debug|x64
		{5E4EA460-9D70-3C44-AA2C-A36CB7E40B29}.Debug|x64.Build.0 = Debug|x64
		{5E4EA460-9D70-3C44-AA2C-A36CB7E40B29}.Release|x64.ActiveCfg = Release|x64
		{5E4EA460-9D70-3C44-AA2C-A36CB7E40B29}.Release|x64.Build.0 = Release|x64
		{5E4EA460-9D70-3C44-AA2C-A36CB7E40B29}.MinSizeRel|x64.ActiveCfg = MinSizeRel|x64
		{5E4EA460-9D70-3C44-AA2C-A36CB7E40B29}.MinSizeRel|x64.Build.0 = MinSizeRel|x64
		{5E4EA460-9D70-3C44-AA2C-A36CB7E40B29}.RelWithDebInfo|x64.ActiveCfg = RelWithDebInfo|x64
		{5E4EA460-9D70-3C44-AA2C-A36CB7E40B29}.RelWithDebInfo|x64.Build.0 = RelWithDebInfo|x64
		{F836514F-C7D2-3E52-B5CD-2D623A950AC8}.Debug|x64.ActiveCfg = Debug|x64
		{F836514F-C7D2-3E52-B5CD-2D623A950AC8}.Debug|x64.Build.0 = Debug|x64
		{F836514F-C7D2-3E52-B5CD-2D623A950AC8}.Release|x64.ActiveCfg = Release|x64
		{F836514F-C7D2-3E52-B5CD-2D623A950AC8}.Release|x64.Build.0 = Release|x64
		{F836514F-C7D2-3E52-B5CD-2D623A950AC8}.MinSizeRel|x64.ActiveCfg = MinSizeRel|x64
		{F836514F-C7D2-3E52-B5CD-2D623A950AC8}.MinSizeRel|x64.Build.0 = MinSizeRel|x64
		{F836514F-C7D2-3E52-B5CD-2D623A950AC8}.RelWithDebInfo|x64.ActiveCfg = RelWithDebInfo|x64
		{F836514F-C7D2-3E52-B5CD-2D623A950AC8}.RelWithDebInfo|x64.Build.0 = RelWithDebInfo|x64
		{D1B7E0DC-0873-3953-A6E3-30C663D1CE8A}.Debug|x64.ActiveCfg = Debug|x64
		{D1B7E0DC-0873-3953-A6E3-30C663D1CE8A}.Release|x64.ActiveCfg = Release|x64
		{D1B7E0DC-0873-3953-A6E3-30C663D1CE8A}.MinSizeRel|x64.ActiveCfg = MinSizeRel|x64
		{D1B7E0DC-0873-3953-A6E3-30C663D1CE8A}.RelWithDebInfo|x64.ActiveCfg = RelWithDebInfo|x64
		{E5384CCD-580E-3F39-A91D-24DF518432C7}.Debug|x64.ActiveCfg = Debug|x64
		{E5384CCD-580E-3F39-A91D-24DF518432C7}.Release|x64.ActiveCfg = Release|x64
		{E5384CCD-580E-3F39-A91D-24DF518432C7}.MinSizeRel|x64.ActiveCfg = MinSizeRel|x64
		{E5384CCD-580E-3F39-A91D-24DF518432C7}.RelWithDebInfo|x64.ActiveCfg = RelWithDebInfo|x64
		{67608D47-1CD4-3EE6-A6FE-61F6FE0C1E01}.Debug|x64.ActiveCfg = Debug|x64
		{67608D47-1CD4-3EE6-A6FE-61F6FE0C1E01}.Debug|x64.Build.0 = Debug|x64
		{67608D47-1CD4-3EE6-A6FE-61F6FE0C1E01}.Release|x64.ActiveCfg = Release|x64
		{67608D47-1CD4-3EE6-A6FE-61F6FE0C1E01}.Release|x64.Build.0 = Release|x64
		{67608D47-1CD4-3EE6-A6FE-61F6FE0C1E01}.MinSizeRel|x64.ActiveCfg = MinSizeRel|x64
		{67608D47-1CD4-3EE6-A6FE-61F6FE0C1E01}.MinSizeRel|x64.Build.0 = MinSizeRel|x64
		{67608D47-1CD4-3EE6-A6FE-61F6FE0C1E01}.RelWithDebInfo|x64.ActiveCfg = RelWithDebInfo|x64
		{67608D47-1CD4-3EE6-A6FE-61F6FE0C1E01}.RelWithDebInfo|x64.Build.0 = RelWithDebInfo|x64
		{F82720AF-D55D-3046-BC8D-B2915CEA80FC}.Debug|x64.ActiveCfg = Debug|x64
		{F82720AF-D55D-3046-BC8D-B2915CEA80FC}.Debug|x64.Build.0 = Debug|x64
		{F82720AF-D55D-3046-BC8D-B2915CEA80FC}.Release|x64.ActiveCfg = Release|x64
		{F82720AF-D55D-3046-BC8D-B2915CEA80FC}.Release|x64.Build.0 = Release|x64
		{F82720AF-D55D-3046-BC8D-B2915CEA80FC}.MinSizeRel|x64.ActiveCfg = MinSizeRel|x64
		{F82720AF-D55D-3046-BC8D-B2915CEA80FC}.MinSizeRel|x64.Build.0 = MinSizeRel|x64
		{F82720AF-D55D-3046-BC8D-B2915CEA80FC}.RelWithDebInfo|x64.ActiveCfg = RelWithDebInfo|x64
		{F82720AF-D55D-3046-BC8D-B2915CEA80FC}.RelWithDebInfo|x64.Build.0 = RelWithDebInfo|x64
	EndGlobalSection
	GlobalSection(NestedProjects) = preSolution
		{FDBE97AE-4372-3E9E-A26F-F9C83D23D2CB} = {8BD9C864-65C9-3526-AA69-89004AB07C76}
		{5ECB5F64-0A38-323B-BD98-F23E41DA39CD} = {8BD9C864-65C9-3526-AA69-89004AB07C76}
		{AD090395-24EF-3627-B38C-F8148927488A} = {8BD9C864-65C9-3526-AA69-89004AB07C76}
		{79953E5F-53B7-376E-AE57-9A12A8DD7A57} = {3485A3F8-414D-37F9-A134-71C39A654DAB}
		{38791419-E646-39E4-AA65-0FCC95842352} = {3485A3F8-414D-37F9-A134-71C39A654DAB}
		{47AA9777-FDBF-38D1-8938-54A6876AC101} = {3485A3F8-414D-37F9-A134-71C39A654DAB}
		{D1B7E0DC-0873-3953-A6E3-30C663D1CE8A} = {3485A3F8-414D-37F9-A134-71C39A654DAB}
		{E5384CCD-580E-3F39-A91D-24DF518432C7} = {3485A3F8-414D-37F9-A134-71C39A654DAB}
		{5AF67D52-3C30-3DD5-8F36-94CEE1A6233B} = {79953E5F-53B7-376E-AE57-9A12A8DD7A57}
		{EC7D051D-A5C1-314C-99B0-78DAFA8FB4F9} = {79953E5F-53B7-376E-AE57-9A12A8DD7A57}
		{7D94CCEB-165D-392C-893E-4FFEE0E1C710} = {79953E5F-53B7-376E-AE57-9A12A8DD7A57}
		{ADCE3FB0-0D61-301D-BB8A-5D310AC957A3} = {79953E5F-53B7-376E-AE57-9A12A8DD7A57}
		{0CE8BC3F-0E85-34F0-BAB2-0B9AB14F8671} = {79953E5F-53B7-376E-AE57-9A12A8DD7A57}
		{24CC3AAB-326B-300D-86B5-47114084B19F} = {79953E5F-53B7-376E-AE57-9A12A8DD7A57}
		{FA06B4DA-C492-31E0-83FE-9F515B1986D2} = {79953E5F-53B7-376E-AE57-9A12A8DD7A57}
		{738E8B12-9424-3F7A-8BAA-935DE64C440E} = {79953E5F-53B7-376E-AE57-9A12A8DD7A57}
		{67608D47-1CD4-3EE6-A6FE-61F6FE0C1E01} = {79953E5F-53B7-376E-AE57-9A12A8DD7A57}
		{C5DBB39A-759C-348C-AFE4-D911585AE00F} = {38791419-E646-39E4-AA65-0FCC95842352}
		{FBDD0483-D79B-30D9-B6A3-071732D46D7B} = {38791419-E646-39E4-AA65-0FCC95842352}
		{A7B30A98-0932-362D-931C-0F4763DA6470} = {38791419-E646-39E4-AA65-0FCC95842352}
		{D83138E4-3F17-3239-A87C-1EF71993110D} = {38791419-E646-39E4-AA65-0FCC95842352}
		{69D518D9-5579-34BC-A921-E46AB19A9D6C} = {38791419-E646-39E4-AA65-0FCC95842352}
		{BFFD5A06-49E6-399B-92A3-0AFC34068B5A} = {38791419-E646-39E4-AA65-0FCC95842352}
		{365ABBA9-A6EA-3AAF-B59F-30693B8E773E} = {38791419-E646-39E4-AA65-0FCC95842352}
		{001E660E-C329-38C0-9971-C13AA4524085} = {38791419-E646-39E4-AA65-0FCC95842352}
		{9E36DB15-AE2A-38B1-9FC9-2F87A7F2B590} = {38791419-E646-39E4-AA65-0FCC95842352}
		{DF2FE795-A27D-3807-9C7B-18ED0E668DEA} = {38791419-E646-39E4-AA65-0FCC95842352}
		{4FAADA71-8AC9-32B6-A6F1-C809EC62A8EB} = {38791419-E646-39E4-AA65-0FCC95842352}
		{252F8C0C-C45D-3F70-B61E-6A9BFA357173} = {38791419-E646-39E4-AA65-0FCC95842352}
		{E8A02E78-29A1-3A32-92F0-BBADA7BD5166} = {38791419-E646-39E4-AA65-0FCC95842352}
		{773CAA61-948D-3E09-BC17-B9F6B8DEB8F5} = {38791419-E646-39E4-AA65-0FCC95842352}
		{65BBE8FC-9526-3462-A861-89D3E4E99DDC} = {38791419-E646-39E4-AA65-0FCC95842352}
		{4436AFF2-D861-3C5A-9EE7-35A646878DC9} = {38791419-E646-39E4-AA65-0FCC95842352}
		{61DB5C85-41A8-3EB0-9D59-F713E8A091CA} = {38791419-E646-39E4-AA65-0FCC95842352}
		{5E4EA460-9D70-3C44-AA2C-A36CB7E40B29} = {38791419-E646-39E4-AA65-0FCC95842352}
		{F836514F-C7D2-3E52-B5CD-2D623A950AC8} = {38791419-E646-39E4-AA65-0FCC95842352}
		{F82720AF-D55D-3046-BC8D-B2915CEA80FC} = {38791419-E646-39E4-AA65-0FCC95842352}
	EndGlobalSection
	GlobalSection(ExtensibilityGlobals) = postSolution
		SolutionGuid = {A3F295D0-A37F-3991-9004-A1A0E115FC09}
	EndGlobalSection
	GlobalSection(ExtensibilityAddIns) = postSolution
	EndGlobalSection
EndGlobal
