<?xml version="1.0" encoding="utf-8"?>
<Project ToolsVersion="17.0" xmlns="http://schemas.microsoft.com/developer/msbuild/2003">
  <ItemGroup>
    <CustomBuild Include="F:\HKU\Jaar 2\blok 4\kernmodule\opengl-playground\CMakeFiles\4282d8eb076315eb1cf8b12570c2eee6\update_mappings.rule">
      <Filter>CMake Rules</Filter>
    </CustomBuild>
    <CustomBuild Include="C:\glfw\src\CMakeLists.txt" />
  </ItemGroup>
  <ItemGroup>
    <None Include="C:\glfw\src\mappings.h.in">
      <Filter>Header Files</Filter>
    </None>
    <None Include="C:\glfw\CMake\GenerateMappings.cmake" />
    <None Include="F:\HKU\Jaar 2\blok 4\kernmodule\opengl-playground\src\CMakeFiles\update_mappings" />
  </ItemGroup>
  <ItemGroup>
    <Filter Include="CMake Rules">
      <UniqueIdentifier>{B644BD55-AD9F-3D81-8366-59D249305B04}</UniqueIdentifier>
    </Filter>
    <Filter Include="Header Files">
      <UniqueIdentifier>{AF20DAC3-53EA-3A93-81CE-D4BB477B8C14}</UniqueIdentifier>
    </Filter>
  </ItemGroup>
</Project>
